
Microsoft Visual Studio Solution File, Format Version 12.00
# Visual Studio Version 17
VisualStudioVersion = 17.14.36203.30
MinimumVisualStudioVersion = 10.0.40219.1
Project("{FAE04EC0-301F-11D3-BF4B-00C04F79EFBC}") = "ZplRenderer", "ZplRenderer\ZplRenderer.csproj", "{5ADB5DA8-8C60-4AAD-94AE-7CCCA5F131BE}"
EndProject
Project("{FAE04EC0-301F-11D3-BF4B-00C04F79EFBC}") = "ZplRenderer.Console", "ZplRenderer\ZplRenderer.Console\ZplRenderer.Console.csproj", "{9AB39DAA-F036-4EC4-B7F2-101FF6587E99}"
EndProject
Project("{FAE04EC0-301F-11D3-BF4B-00C04F79EFBC}") = "ZplRendererTest", "ZplRendererTest\ZplRendererTest.csproj", "{78D1CD78-516E-4E3F-B366-C69D58FF9A62}"
EndProject
Global
	GlobalSection(SolutionConfigurationPlatforms) = preSolution
		Debug|Any CPU = Debug|Any CPU
		Debug|x64 = Debug|x64
		Debug|x86 = Debug|x86
		Release|Any CPU = Release|Any CPU
		Release|x64 = Release|x64
		Release|x86 = Release|x86
	EndGlobalSection
	GlobalSection(ProjectConfigurationPlatforms) = postSolution
		{5ADB5DA8-8C60-4AAD-94AE-7CCCA5F131BE}.Debug|Any CPU.ActiveCfg = Debug|Any CPU
		{5ADB5DA8-8C60-4AAD-94AE-7CCCA5F131BE}.Debug|Any CPU.Build.0 = Debug|Any CPU
		{5ADB5DA8-8C60-4AAD-94AE-7CCCA5F131BE}.Debug|x64.ActiveCfg = Debug|Any CPU
		{5ADB5DA8-8C60-4AAD-94AE-7CCCA5F131BE}.Debug|x64.Build.0 = Debug|Any CPU
		{5ADB5DA8-8C60-4AAD-94AE-7CCCA5F131BE}.Debug|x86.ActiveCfg = Debug|Any CPU
		{5ADB5DA8-8C60-4AAD-94AE-7CCCA5F131BE}.Debug|x86.Build.0 = Debug|Any CPU
		{5ADB5DA8-8C60-4AAD-94AE-7CCCA5F131BE}.Release|Any CPU.ActiveCfg = Release|Any CPU
		{5ADB5DA8-8C60-4AAD-94AE-7CCCA5F131BE}.Release|Any CPU.Build.0 = Release|Any CPU
		{5ADB5DA8-8C60-4AAD-94AE-7CCCA5F131BE}.Release|x64.ActiveCfg = Release|Any CPU
		{5ADB5DA8-8C60-4AAD-94AE-7CCCA5F131BE}.Release|x64.Build.0 = Release|Any CPU
		{5ADB5DA8-8C60-4AAD-94AE-7CCCA5F131BE}.Release|x86.ActiveCfg = Release|Any CPU
		{5ADB5DA8-8C60-4AAD-94AE-7CCCA5F131BE}.Release|x86.Build.0 = Release|Any CPU
		{9AB39DAA-F036-4EC4-B7F2-101FF6587E99}.Debug|Any CPU.ActiveCfg = Debug|Any CPU
		{9AB39DAA-F036-4EC4-B7F2-101FF6587E99}.Debug|Any CPU.Build.0 = Debug|Any CPU
		{9AB39DAA-F036-4EC4-B7F2-101FF6587E99}.Debug|x64.ActiveCfg = Debug|Any CPU
		{9AB39DAA-F036-4EC4-B7F2-101FF6587E99}.Debug|x64.Build.0 = Debug|Any CPU
		{9AB39DAA-F036-4EC4-B7F2-101FF6587E99}.Debug|x86.ActiveCfg = Debug|Any CPU
		{9AB39DAA-F036-4EC4-B7F2-101FF6587E99}.Debug|x86.Build.0 = Debug|Any CPU
		{9AB39DAA-F036-4EC4-B7F2-101FF6587E99}.Release|Any CPU.ActiveCfg = Release|Any CPU
		{9AB39DAA-F036-4EC4-B7F2-101FF6587E99}.Release|Any CPU.Build.0 = Release|Any CPU
		{9AB39DAA-F036-4EC4-B7F2-101FF6587E99}.Release|x64.ActiveCfg = Release|Any CPU
		{9AB39DAA-F036-4EC4-B7F2-101FF6587E99}.Release|x64.Build.0 = Release|Any CPU
		{9AB39DAA-F036-4EC4-B7F2-101FF6587E99}.Release|x86.ActiveCfg = Release|Any CPU
		{9AB39DAA-F036-4EC4-B7F2-101FF6587E99}.Release|x86.Build.0 = Release|Any CPU
		{78D1CD78-516E-4E3F-B366-C69D58FF9A62}.Debug|Any CPU.ActiveCfg = Debug|Any CPU
		{78D1CD78-516E-4E3F-B366-C69D58FF9A62}.Debug|Any CPU.Build.0 = Debug|Any CPU
		{78D1CD78-516E-4E3F-B366-C69D58FF9A62}.Debug|x64.ActiveCfg = Debug|Any CPU
		{78D1CD78-516E-4E3F-B366-C69D58FF9A62}.Debug|x64.Build.0 = Debug|Any CPU
		{78D1CD78-516E-4E3F-B366-C69D58FF9A62}.Debug|x86.ActiveCfg = Debug|Any CPU
		{78D1CD78-516E-4E3F-B366-C69D58FF9A62}.Debug|x86.Build.0 = Debug|Any CPU
		{78D1CD78-516E-4E3F-B366-C69D58FF9A62}.Release|Any CPU.ActiveCfg = Release|Any CPU
		{78D1CD78-516E-4E3F-B366-C69D58FF9A62}.Release|Any CPU.Build.0 = Release|Any CPU
		{78D1CD78-516E-4E3F-B366-C69D58FF9A62}.Release|x64.ActiveCfg = Release|Any CPU
		{78D1CD78-516E-4E3F-B366-C69D58FF9A62}.Release|x64.Build.0 = Release|Any CPU
		{78D1CD78-516E-4E3F-B366-C69D58FF9A62}.Release|x86.ActiveCfg = Release|Any CPU
		{78D1CD78-516E-4E3F-B366-C69D58FF9A62}.Release|x86.Build.0 = Release|Any CPU
	EndGlobalSection
	GlobalSection(SolutionProperties) = preSolution
		HideSolutionNode = FALSE
	EndGlobalSection
	GlobalSection(ExtensibilityGlobals) = postSolution
		SolutionGuid = {92404BB4-8B9F-4A23-A3E0-284D18C4D07A}
	EndGlobalSection
EndGlobal
